
Microsoft Visual Studio Solution File, Format Version 12.00
# Visual Studio 15
VisualStudioVersion = 15.0.28307.168
MinimumVisualStudioVersion = 10.0.40219.1
Project("{9A19103F-16F7-4668-BE54-9A1E7A4F7556}") = "RAL.EntryPoint", "RAL.EntryPoint\RAL.EntryPoint.csproj", "{9787ECF9-C0AF-4404-8C0B-00A043E154DA}"
EndProject
Project("{9A19103F-16F7-4668-BE54-9A1E7A4F7556}") = "RAL.Manager", "RAL.Manager\RAL.Manager.csproj", "{75E5445E-0A4C-428A-B83E-E942902C0CA7}"
EndProject
Project("{9A19103F-16F7-4668-BE54-9A1E7A4F7556}") = "RAL.Collector", "RAL.Collector\RAL.Collector.csproj", "{28CA3ED8-4794-482F-A2DF-481D471332EF}"
EndProject
Project("{9A19103F-16F7-4668-BE54-9A1E7A4F7556}") = "RAL.Rules.Core", "DAL.Andon\RAL.Rules.Core.csproj", "{1F7E261F-68A9-4F04-8CBD-C2102138B114}"
EndProject
Project("{9A19103F-16F7-4668-BE54-9A1E7A4F7556}") = "TheColonel2688.Utilities", "RAL.Utilities\TheColonel2688.Utilities.csproj", "{2FB36450-0FE1-414C-8296-85F9E194FCFC}"
EndProject
Project("{9A19103F-16F7-4668-BE54-9A1E7A4F7556}") = "RAL.Repository", "RAL.Repository\RAL.Repository.csproj", "{481FC603-4FA0-4F5C-AE4A-8FBDE7D3029C}"
EndProject
Project("{9A19103F-16F7-4668-BE54-9A1E7A4F7556}") = "RAL.Devices.Mocks", "RAL.TrendTriggers.Mock\RAL.Devices.Mocks.csproj", "{0FC2CCFD-B2E2-46C3-BC3C-39BCB9EC9583}"
EndProject
Project("{9A19103F-16F7-4668-BE54-9A1E7A4F7556}") = "RAL.Repository.Tests", "RAL.Repository.Tests\RAL.Repository.Tests.csproj", "{2CB86CE7-9136-4ACD-8262-6683C65FF0AF}"
EndProject
Project("{2150E333-8FDC-42A3-9474-1A3956D46DE8}") = "Collector", "Collector", "{F529A073-D93F-4EB3-BF79-1CCD98C146EF}"
EndProject
Project("{2150E333-8FDC-42A3-9474-1A3956D46DE8}") = "Rules", "Rules", "{5A8D40C9-D80A-462E-BE0E-3F6AAC35FF12}"
EndProject
Project("{2150E333-8FDC-42A3-9474-1A3956D46DE8}") = "Repository", "Repository", "{A8DFD936-DFC7-481C-8C1A-2E57B97A9D0E}"
EndProject
Project("{9A19103F-16F7-4668-BE54-9A1E7A4F7556}") = "RAL.Reports.Base", "RAL.Reports\RAL.Reports.Base.csproj", "{047FB499-0701-42FF-9368-6B4564452212}"
EndProject
Project("{9A19103F-16F7-4668-BE54-9A1E7A4F7556}") = "RAL.Reports.Tests", "RAL.Reports.Tests\RAL.Reports.Tests.csproj", "{3B7BB3AC-B098-46DA-9091-EC6B98288258}"
EndProject
Project("{9A19103F-16F7-4668-BE54-9A1E7A4F7556}") = "RAL.Rules.Interfaces", "RAL.RulesEngine.Interf\RAL.Rules.Interfaces.csproj", "{D80B94D2-4735-443D-8648-1CE31B4A8254}"
EndProject
Project("{2150E333-8FDC-42A3-9474-1A3956D46DE8}") = "Reports", "Reports", "{33C2A643-1AAC-473D-A40D-8950CE6467DD}"
EndProject
Project("{9A19103F-16F7-4668-BE54-9A1E7A4F7556}") = "RAL.Reports.Scheduler", "RAL.Reports.Scheduler\RAL.Reports.Scheduler.csproj", "{3C6891B4-7B83-4300-B666-6B064DC0F5C2}"
EndProject
Project("{9A19103F-16F7-4668-BE54-9A1E7A4F7556}") = "RAL.Devices.Derived", "RAL.Devices\RAL.Devices.Derived.csproj", "{60ED1A28-E606-4EA4-97F4-841A92F2D901}"
EndProject
Project("{2150E333-8FDC-42A3-9474-1A3956D46DE8}") = "Devices", "Devices", "{771DF63D-4F83-4425-88F7-B3954DEEEFBF}"
EndProject
Project("{9A19103F-16F7-4668-BE54-9A1E7A4F7556}") = "RAL.Reports.Derived", "RAL.Reports.Instance\RAL.Reports.Derived.csproj", "{61FAE4B7-8254-4C55-B4F5-A7D40046B209}"
EndProject
Project("{9A19103F-16F7-4668-BE54-9A1E7A4F7556}") = "RAL.Devices.StackLights.Tests", "RAL.Devices.Tests\RAL.Devices.StackLights.Tests.csproj", "{467ED6D4-76C3-4D98-966F-2E424628BE6E}"
EndProject
Project("{9A19103F-16F7-4668-BE54-9A1E7A4F7556}") = "Devices.Core", "RAL.Devices.Core\Devices.Core.csproj", "{D28D39BD-7919-4286-8983-2DD3D970F4FD}"
EndProject
Project("{9A19103F-16F7-4668-BE54-9A1E7A4F7556}") = "RAL.Tests.System", "RAL.Tests.System\RAL.Tests.System.csproj", "{9589CA71-7411-4EB2-9DCB-44F2E45B3D00}"
EndProject
Project("{9A19103F-16F7-4668-BE54-9A1E7A4F7556}") = "TheColonel1026.Tests", "TheColonel1026.Tests\TheColonel1026.Tests.csproj", "{36269EAD-6172-4ECC-AD0E-1F69E208E8F1}"
EndProject
Project("{9A19103F-16F7-4668-BE54-9A1E7A4F7556}") = "CS-ScriptTest", "CS-ScriptTest\CS-ScriptTest.csproj", "{C7943167-1222-4B95-8C9B-8C3D497466E6}"
EndProject
Project("{2150E333-8FDC-42A3-9474-1A3956D46DE8}") = "RAL.RealTime", "RAL.RealTime", "{BEB97112-592A-4C18-B6BD-2AD1F6C1D956}"
EndProject
Project("{FAE04EC0-301F-11D3-BF4B-00C04F79EFBC}") = "RAL.RealtTime.UI.WPF", "WpfApp1\RAL.RealtTime.UI.WPF.csproj", "{C23D9DF2-E4EB-400D-AB94-7B202DFBAA11}"
EndProject
Project("{9A19103F-16F7-4668-BE54-9A1E7A4F7556}") = "RAL.RealTime", "RAL.RealTime.ViewModel\RAL.RealTime.csproj", "{FC1839B1-8E26-4F99-A6A0-6A01C9E9DD89}"
EndProject
Project("{9A19103F-16F7-4668-BE54-9A1E7A4F7556}") = "RAL.RealTime.UI.Console", "RAL.RealTime.Console\RAL.RealTime.UI.Console.csproj", "{0FD939E8-B3FF-43E4-8E98-93C4D11BB71A}"
EndProject
Global
	GlobalSection(SolutionConfigurationPlatforms) = preSolution
		Debug|Any CPU = Debug|Any CPU
		Release|Any CPU = Release|Any CPU
	EndGlobalSection
	GlobalSection(ProjectConfigurationPlatforms) = postSolution
		{9787ECF9-C0AF-4404-8C0B-00A043E154DA}.Debug|Any CPU.ActiveCfg = Debug|Any CPU
		{9787ECF9-C0AF-4404-8C0B-00A043E154DA}.Debug|Any CPU.Build.0 = Debug|Any CPU
		{9787ECF9-C0AF-4404-8C0B-00A043E154DA}.Release|Any CPU.ActiveCfg = Release|Any CPU
		{9787ECF9-C0AF-4404-8C0B-00A043E154DA}.Release|Any CPU.Build.0 = Release|Any CPU
		{75E5445E-0A4C-428A-B83E-E942902C0CA7}.Debug|Any CPU.ActiveCfg = Debug|Any CPU
		{75E5445E-0A4C-428A-B83E-E942902C0CA7}.Debug|Any CPU.Build.0 = Debug|Any CPU
		{75E5445E-0A4C-428A-B83E-E942902C0CA7}.Release|Any CPU.ActiveCfg = Release|Any CPU
		{75E5445E-0A4C-428A-B83E-E942902C0CA7}.Release|Any CPU.Build.0 = Release|Any CPU
		{28CA3ED8-4794-482F-A2DF-481D471332EF}.Debug|Any CPU.ActiveCfg = Debug|Any CPU
		{28CA3ED8-4794-482F-A2DF-481D471332EF}.Debug|Any CPU.Build.0 = Debug|Any CPU
		{28CA3ED8-4794-482F-A2DF-481D471332EF}.Release|Any CPU.ActiveCfg = Release|Any CPU
		{28CA3ED8-4794-482F-A2DF-481D471332EF}.Release|Any CPU.Build.0 = Release|Any CPU
		{1F7E261F-68A9-4F04-8CBD-C2102138B114}.Debug|Any CPU.ActiveCfg = Debug|Any CPU
		{1F7E261F-68A9-4F04-8CBD-C2102138B114}.Debug|Any CPU.Build.0 = Debug|Any CPU
		{1F7E261F-68A9-4F04-8CBD-C2102138B114}.Release|Any CPU.ActiveCfg = Release|Any CPU
		{1F7E261F-68A9-4F04-8CBD-C2102138B114}.Release|Any CPU.Build.0 = Release|Any CPU
		{2FB36450-0FE1-414C-8296-85F9E194FCFC}.Debug|Any CPU.ActiveCfg = Debug|Any CPU
		{2FB36450-0FE1-414C-8296-85F9E194FCFC}.Debug|Any CPU.Build.0 = Debug|Any CPU
		{2FB36450-0FE1-414C-8296-85F9E194FCFC}.Release|Any CPU.ActiveCfg = Release|Any CPU
		{2FB36450-0FE1-414C-8296-85F9E194FCFC}.Release|Any CPU.Build.0 = Release|Any CPU
		{481FC603-4FA0-4F5C-AE4A-8FBDE7D3029C}.Debug|Any CPU.ActiveCfg = Debug|Any CPU
		{481FC603-4FA0-4F5C-AE4A-8FBDE7D3029C}.Debug|Any CPU.Build.0 = Debug|Any CPU
		{481FC603-4FA0-4F5C-AE4A-8FBDE7D3029C}.Release|Any CPU.ActiveCfg = Release|Any CPU
		{481FC603-4FA0-4F5C-AE4A-8FBDE7D3029C}.Release|Any CPU.Build.0 = Release|Any CPU
		{0FC2CCFD-B2E2-46C3-BC3C-39BCB9EC9583}.Debug|Any CPU.ActiveCfg = Debug|Any CPU
		{0FC2CCFD-B2E2-46C3-BC3C-39BCB9EC9583}.Debug|Any CPU.Build.0 = Debug|Any CPU
		{0FC2CCFD-B2E2-46C3-BC3C-39BCB9EC9583}.Release|Any CPU.ActiveCfg = Release|Any CPU
		{0FC2CCFD-B2E2-46C3-BC3C-39BCB9EC9583}.Release|Any CPU.Build.0 = Release|Any CPU
		{2CB86CE7-9136-4ACD-8262-6683C65FF0AF}.Debug|Any CPU.ActiveCfg = Debug|Any CPU
		{2CB86CE7-9136-4ACD-8262-6683C65FF0AF}.Debug|Any CPU.Build.0 = Debug|Any CPU
		{2CB86CE7-9136-4ACD-8262-6683C65FF0AF}.Release|Any CPU.ActiveCfg = Release|Any CPU
		{2CB86CE7-9136-4ACD-8262-6683C65FF0AF}.Release|Any CPU.Build.0 = Release|Any CPU
		{047FB499-0701-42FF-9368-6B4564452212}.Debug|Any CPU.ActiveCfg = Debug|Any CPU
		{047FB499-0701-42FF-9368-6B4564452212}.Debug|Any CPU.Build.0 = Debug|Any CPU
		{047FB499-0701-42FF-9368-6B4564452212}.Release|Any CPU.ActiveCfg = Release|Any CPU
		{047FB499-0701-42FF-9368-6B4564452212}.Release|Any CPU.Build.0 = Release|Any CPU
		{3B7BB3AC-B098-46DA-9091-EC6B98288258}.Debug|Any CPU.ActiveCfg = Debug|Any CPU
		{3B7BB3AC-B098-46DA-9091-EC6B98288258}.Debug|Any CPU.Build.0 = Debug|Any CPU
		{3B7BB3AC-B098-46DA-9091-EC6B98288258}.Release|Any CPU.ActiveCfg = Release|Any CPU
		{3B7BB3AC-B098-46DA-9091-EC6B98288258}.Release|Any CPU.Build.0 = Release|Any CPU
		{D80B94D2-4735-443D-8648-1CE31B4A8254}.Debug|Any CPU.ActiveCfg = Debug|Any CPU
		{D80B94D2-4735-443D-8648-1CE31B4A8254}.Debug|Any CPU.Build.0 = Debug|Any CPU
		{D80B94D2-4735-443D-8648-1CE31B4A8254}.Release|Any CPU.ActiveCfg = Release|Any CPU
		{D80B94D2-4735-443D-8648-1CE31B4A8254}.Release|Any CPU.Build.0 = Release|Any CPU
		{3C6891B4-7B83-4300-B666-6B064DC0F5C2}.Debug|Any CPU.ActiveCfg = Debug|Any CPU
		{3C6891B4-7B83-4300-B666-6B064DC0F5C2}.Debug|Any CPU.Build.0 = Debug|Any CPU
		{3C6891B4-7B83-4300-B666-6B064DC0F5C2}.Release|Any CPU.ActiveCfg = Release|Any CPU
		{3C6891B4-7B83-4300-B666-6B064DC0F5C2}.Release|Any CPU.Build.0 = Release|Any CPU
		{60ED1A28-E606-4EA4-97F4-841A92F2D901}.Debug|Any CPU.ActiveCfg = Debug|Any CPU
		{60ED1A28-E606-4EA4-97F4-841A92F2D901}.Debug|Any CPU.Build.0 = Debug|Any CPU
		{60ED1A28-E606-4EA4-97F4-841A92F2D901}.Release|Any CPU.ActiveCfg = Release|Any CPU
		{60ED1A28-E606-4EA4-97F4-841A92F2D901}.Release|Any CPU.Build.0 = Release|Any CPU
		{61FAE4B7-8254-4C55-B4F5-A7D40046B209}.Debug|Any CPU.ActiveCfg = Debug|Any CPU
		{61FAE4B7-8254-4C55-B4F5-A7D40046B209}.Debug|Any CPU.Build.0 = Debug|Any CPU
		{61FAE4B7-8254-4C55-B4F5-A7D40046B209}.Release|Any CPU.ActiveCfg = Release|Any CPU
		{61FAE4B7-8254-4C55-B4F5-A7D40046B209}.Release|Any CPU.Build.0 = Release|Any CPU
		{467ED6D4-76C3-4D98-966F-2E424628BE6E}.Debug|Any CPU.ActiveCfg = Debug|Any CPU
		{467ED6D4-76C3-4D98-966F-2E424628BE6E}.Debug|Any CPU.Build.0 = Debug|Any CPU
		{467ED6D4-76C3-4D98-966F-2E424628BE6E}.Release|Any CPU.ActiveCfg = Release|Any CPU
		{467ED6D4-76C3-4D98-966F-2E424628BE6E}.Release|Any CPU.Build.0 = Release|Any CPU
		{D28D39BD-7919-4286-8983-2DD3D970F4FD}.Debug|Any CPU.ActiveCfg = Debug|Any CPU
		{D28D39BD-7919-4286-8983-2DD3D970F4FD}.Debug|Any CPU.Build.0 = Debug|Any CPU
		{D28D39BD-7919-4286-8983-2DD3D970F4FD}.Release|Any CPU.ActiveCfg = Release|Any CPU
		{D28D39BD-7919-4286-8983-2DD3D970F4FD}.Release|Any CPU.Build.0 = Release|Any CPU
		{9589CA71-7411-4EB2-9DCB-44F2E45B3D00}.Debug|Any CPU.ActiveCfg = Debug|Any CPU
		{9589CA71-7411-4EB2-9DCB-44F2E45B3D00}.Debug|Any CPU.Build.0 = Debug|Any CPU
		{9589CA71-7411-4EB2-9DCB-44F2E45B3D00}.Release|Any CPU.ActiveCfg = Release|Any CPU
		{9589CA71-7411-4EB2-9DCB-44F2E45B3D00}.Release|Any CPU.Build.0 = Release|Any CPU
		{36269EAD-6172-4ECC-AD0E-1F69E208E8F1}.Debug|Any CPU.ActiveCfg = Debug|Any CPU
		{36269EAD-6172-4ECC-AD0E-1F69E208E8F1}.Debug|Any CPU.Build.0 = Debug|Any CPU
		{36269EAD-6172-4ECC-AD0E-1F69E208E8F1}.Release|Any CPU.ActiveCfg = Release|Any CPU
		{36269EAD-6172-4ECC-AD0E-1F69E208E8F1}.Release|Any CPU.Build.0 = Release|Any CPU
		{C7943167-1222-4B95-8C9B-8C3D497466E6}.Debug|Any CPU.ActiveCfg = Debug|Any CPU
		{C7943167-1222-4B95-8C9B-8C3D497466E6}.Debug|Any CPU.Build.0 = Debug|Any CPU
		{C7943167-1222-4B95-8C9B-8C3D497466E6}.Release|Any CPU.ActiveCfg = Release|Any CPU
		{C7943167-1222-4B95-8C9B-8C3D497466E6}.Release|Any CPU.Build.0 = Release|Any CPU
		{C23D9DF2-E4EB-400D-AB94-7B202DFBAA11}.Debug|Any CPU.ActiveCfg = Debug|Any CPU
		{C23D9DF2-E4EB-400D-AB94-7B202DFBAA11}.Debug|Any CPU.Build.0 = Debug|Any CPU
		{C23D9DF2-E4EB-400D-AB94-7B202DFBAA11}.Release|Any CPU.ActiveCfg = Release|Any CPU
		{C23D9DF2-E4EB-400D-AB94-7B202DFBAA11}.Release|Any CPU.Build.0 = Release|Any CPU
		{FC1839B1-8E26-4F99-A6A0-6A01C9E9DD89}.Debug|Any CPU.ActiveCfg = Debug|Any CPU
		{FC1839B1-8E26-4F99-A6A0-6A01C9E9DD89}.Debug|Any CPU.Build.0 = Debug|Any CPU
		{FC1839B1-8E26-4F99-A6A0-6A01C9E9DD89}.Release|Any CPU.ActiveCfg = Release|Any CPU
		{FC1839B1-8E26-4F99-A6A0-6A01C9E9DD89}.Release|Any CPU.Build.0 = Release|Any CPU
		{0FD939E8-B3FF-43E4-8E98-93C4D11BB71A}.Debug|Any CPU.ActiveCfg = Debug|Any CPU
		{0FD939E8-B3FF-43E4-8E98-93C4D11BB71A}.Debug|Any CPU.Build.0 = Debug|Any CPU
		{0FD939E8-B3FF-43E4-8E98-93C4D11BB71A}.Release|Any CPU.ActiveCfg = Release|Any CPU
		{0FD939E8-B3FF-43E4-8E98-93C4D11BB71A}.Release|Any CPU.Build.0 = Release|Any CPU
	EndGlobalSection
	GlobalSection(SolutionProperties) = preSolution
		HideSolutionNode = FALSE
	EndGlobalSection
	GlobalSection(NestedProjects) = preSolution
		{28CA3ED8-4794-482F-A2DF-481D471332EF} = {F529A073-D93F-4EB3-BF79-1CCD98C146EF}
		{1F7E261F-68A9-4F04-8CBD-C2102138B114} = {5A8D40C9-D80A-462E-BE0E-3F6AAC35FF12}
		{481FC603-4FA0-4F5C-AE4A-8FBDE7D3029C} = {A8DFD936-DFC7-481C-8C1A-2E57B97A9D0E}
		{0FC2CCFD-B2E2-46C3-BC3C-39BCB9EC9583} = {771DF63D-4F83-4425-88F7-B3954DEEEFBF}
		{2CB86CE7-9136-4ACD-8262-6683C65FF0AF} = {A8DFD936-DFC7-481C-8C1A-2E57B97A9D0E}
		{047FB499-0701-42FF-9368-6B4564452212} = {33C2A643-1AAC-473D-A40D-8950CE6467DD}
		{3B7BB3AC-B098-46DA-9091-EC6B98288258} = {33C2A643-1AAC-473D-A40D-8950CE6467DD}
		{D80B94D2-4735-443D-8648-1CE31B4A8254} = {5A8D40C9-D80A-462E-BE0E-3F6AAC35FF12}
		{3C6891B4-7B83-4300-B666-6B064DC0F5C2} = {33C2A643-1AAC-473D-A40D-8950CE6467DD}
		{60ED1A28-E606-4EA4-97F4-841A92F2D901} = {771DF63D-4F83-4425-88F7-B3954DEEEFBF}
		{61FAE4B7-8254-4C55-B4F5-A7D40046B209} = {33C2A643-1AAC-473D-A40D-8950CE6467DD}
		{467ED6D4-76C3-4D98-966F-2E424628BE6E} = {771DF63D-4F83-4425-88F7-B3954DEEEFBF}
		{D28D39BD-7919-4286-8983-2DD3D970F4FD} = {771DF63D-4F83-4425-88F7-B3954DEEEFBF}
		{C23D9DF2-E4EB-400D-AB94-7B202DFBAA11} = {BEB97112-592A-4C18-B6BD-2AD1F6C1D956}
		{FC1839B1-8E26-4F99-A6A0-6A01C9E9DD89} = {BEB97112-592A-4C18-B6BD-2AD1F6C1D956}
		{0FD939E8-B3FF-43E4-8E98-93C4D11BB71A} = {BEB97112-592A-4C18-B6BD-2AD1F6C1D956}
	EndGlobalSection
	GlobalSection(ExtensibilityGlobals) = postSolution
		SolutionGuid = {5C8CA7F9-7E0D-4DA7-970D-38CD163C5FE1}
	EndGlobalSection
EndGlobal
